// !$*UTF8*$!
{
	archiveVersion = 1;
	classes = {
	};
	objectVersion = 55;
	objects = {

/* Begin PBXBuildFile section */
		FA73E81429B10C7F002F43E3 /* AppDelegate.swift in Sources */ = {isa = PBXBuildFile; fileRef = FA73E81329B10C7F002F43E3 /* AppDelegate.swift */; };
		FA73E81629B10C7F002F43E3 /* SceneDelegate.swift in Sources */ = {isa = PBXBuildFile; fileRef = FA73E81529B10C7F002F43E3 /* SceneDelegate.swift */; };
		FA73E81829B10C7F002F43E3 /* LoginVC.swift in Sources */ = {isa = PBXBuildFile; fileRef = FA73E81729B10C7F002F43E3 /* LoginVC.swift */; };
		FA73E81D29B10C82002F43E3 /* Assets.xcassets in Resources */ = {isa = PBXBuildFile; fileRef = FA73E81C29B10C82002F43E3 /* Assets.xcassets */; };
		FA73E82029B10C82002F43E3 /* LaunchScreen.storyboard in Resources */ = {isa = PBXBuildFile; fileRef = FA73E81E29B10C82002F43E3 /* LaunchScreen.storyboard */; };
		FA73E82C29B10F3A002F43E3 /* LoginScreen.swift in Sources */ = {isa = PBXBuildFile; fileRef = FA73E82B29B10F3A002F43E3 /* LoginScreen.swift */; };
		FA73E83229B118AE002F43E3 /* RegisterVC.swift in Sources */ = {isa = PBXBuildFile; fileRef = FA73E83129B118AE002F43E3 /* RegisterVC.swift */; };
		FA73E83529B11A0A002F43E3 /* RegisterScreen.swift in Sources */ = {isa = PBXBuildFile; fileRef = FA73E83429B11A0A002F43E3 /* RegisterScreen.swift */; };
		FA73E83729B13A4D002F43E3 /* GoogleService-Info.plist in Resources */ = {isa = PBXBuildFile; fileRef = FA73E83629B13A4D002F43E3 /* GoogleService-Info.plist */; };
		FA73E83A29B13CBC002F43E3 /* FirebaseAuth in Frameworks */ = {isa = PBXBuildFile; productRef = FA73E83929B13CBC002F43E3 /* FirebaseAuth */; };
		FA73E83C29B13CBC002F43E3 /* FirebaseCrashlytics in Frameworks */ = {isa = PBXBuildFile; productRef = FA73E83B29B13CBC002F43E3 /* FirebaseCrashlytics */; };
		FAC8C5A429B22B5A00BB0BDA /* Alert.swift in Sources */ = {isa = PBXBuildFile; fileRef = FAC8C5A329B22B5A00BB0BDA /* Alert.swift */; };
		FAC8C5A929B2344A00BB0BDA /* HomeVC.swift in Sources */ = {isa = PBXBuildFile; fileRef = FAC8C5A829B2344A00BB0BDA /* HomeVC.swift */; };
		FAC8C5AB29B2348600BB0BDA /* HomeVCScreen.swift in Sources */ = {isa = PBXBuildFile; fileRef = FAC8C5AA29B2348600BB0BDA /* HomeVCScreen.swift */; };
		FAC8C5AF29B2397B00BB0BDA /* DataUserTableViewCell.swift in Sources */ = {isa = PBXBuildFile; fileRef = FAC8C5AE29B2397B00BB0BDA /* DataUserTableViewCell.swift */; };
		FAC8C5B229B239AD00BB0BDA /* DataUserTableViewCellScreen.swift in Sources */ = {isa = PBXBuildFile; fileRef = FAC8C5B129B239AD00BB0BDA /* DataUserTableViewCellScreen.swift */; };
		FAC8C5B529B23DD300BB0BDA /* DataUserModel.swift in Sources */ = {isa = PBXBuildFile; fileRef = FAC8C5B429B23DD300BB0BDA /* DataUserModel.swift */; };
		FAEA41DB29B25B34006BC4AD /* SportModel.swift in Sources */ = {isa = PBXBuildFile; fileRef = FAEA41DA29B25B34006BC4AD /* SportModel.swift */; };
		FAEA41DD29B25BB0006BC4AD /* SportTableViewCell.swift in Sources */ = {isa = PBXBuildFile; fileRef = FAEA41DC29B25BB0006BC4AD /* SportTableViewCell.swift */; };
		FAEA41E029B25BEE006BC4AD /* SportTableViewCellScreen.swift in Sources */ = {isa = PBXBuildFile; fileRef = FAEA41DF29B25BEE006BC4AD /* SportTableViewCellScreen.swift */; };
		FAEA41E429B267FF006BC4AD /* SportCollectionViewCell.swift in Sources */ = {isa = PBXBuildFile; fileRef = FAEA41E329B267FF006BC4AD /* SportCollectionViewCell.swift */; };
		FAEA41E729B26836006BC4AD /* SportCollectionViewCellScreen.swift in Sources */ = {isa = PBXBuildFile; fileRef = FAEA41E629B26836006BC4AD /* SportCollectionViewCellScreen.swift */; };
		FC2F6238566EA6D47BD659AC /* Pods_AppViewCodeCurso.framework in Frameworks */ = {isa = PBXBuildFile; fileRef = 499BEB7D0223D2176B52237A /* Pods_AppViewCodeCurso.framework */; };
/* End PBXBuildFile section */

/* Begin PBXFileReference section */
		126BCAA5FA0877585EA5CD97 /* Pods-AppViewCodeCurso.debug.xcconfig */ = {isa = PBXFileReference; includeInIndex = 1; lastKnownFileType = text.xcconfig; name = "Pods-AppViewCodeCurso.debug.xcconfig"; path = "Target Support Files/Pods-AppViewCodeCurso/Pods-AppViewCodeCurso.debug.xcconfig"; sourceTree = "<group>"; };
		499BEB7D0223D2176B52237A /* Pods_AppViewCodeCurso.framework */ = {isa = PBXFileReference; explicitFileType = wrapper.framework; includeInIndex = 0; path = Pods_AppViewCodeCurso.framework; sourceTree = BUILT_PRODUCTS_DIR; };
		D335DBFEBD5DFDA338BDE5EF /* Pods-AppViewCodeCurso.release.xcconfig */ = {isa = PBXFileReference; includeInIndex = 1; lastKnownFileType = text.xcconfig; name = "Pods-AppViewCodeCurso.release.xcconfig"; path = "Target Support Files/Pods-AppViewCodeCurso/Pods-AppViewCodeCurso.release.xcconfig"; sourceTree = "<group>"; };
		FA73E81029B10C7F002F43E3 /* AppViewCodeCurso.app */ = {isa = PBXFileReference; explicitFileType = wrapper.application; includeInIndex = 0; path = AppViewCodeCurso.app; sourceTree = BUILT_PRODUCTS_DIR; };
		FA73E81329B10C7F002F43E3 /* AppDelegate.swift */ = {isa = PBXFileReference; lastKnownFileType = sourcecode.swift; path = AppDelegate.swift; sourceTree = "<group>"; };
		FA73E81529B10C7F002F43E3 /* SceneDelegate.swift */ = {isa = PBXFileReference; lastKnownFileType = sourcecode.swift; path = SceneDelegate.swift; sourceTree = "<group>"; };
		FA73E81729B10C7F002F43E3 /* LoginVC.swift */ = {isa = PBXFileReference; lastKnownFileType = sourcecode.swift; path = LoginVC.swift; sourceTree = "<group>"; };
		FA73E81C29B10C82002F43E3 /* Assets.xcassets */ = {isa = PBXFileReference; lastKnownFileType = folder.assetcatalog; path = Assets.xcassets; sourceTree = "<group>"; };
		FA73E81F29B10C82002F43E3 /* Base */ = {isa = PBXFileReference; lastKnownFileType = file.storyboard; name = Base; path = Base.lproj/LaunchScreen.storyboard; sourceTree = "<group>"; };
		FA73E82129B10C82002F43E3 /* Info.plist */ = {isa = PBXFileReference; lastKnownFileType = text.plist.xml; path = Info.plist; sourceTree = "<group>"; };
		FA73E82B29B10F3A002F43E3 /* LoginScreen.swift */ = {isa = PBXFileReference; lastKnownFileType = sourcecode.swift; path = LoginScreen.swift; sourceTree = "<group>"; };
		FA73E83129B118AE002F43E3 /* RegisterVC.swift */ = {isa = PBXFileReference; lastKnownFileType = sourcecode.swift; path = RegisterVC.swift; sourceTree = "<group>"; };
		FA73E83429B11A0A002F43E3 /* RegisterScreen.swift */ = {isa = PBXFileReference; lastKnownFileType = sourcecode.swift; path = RegisterScreen.swift; sourceTree = "<group>"; };
		FA73E83629B13A4D002F43E3 /* GoogleService-Info.plist */ = {isa = PBXFileReference; fileEncoding = 4; lastKnownFileType = text.plist.xml; path = "GoogleService-Info.plist"; sourceTree = "<group>"; };
		FAC8C5A329B22B5A00BB0BDA /* Alert.swift */ = {isa = PBXFileReference; lastKnownFileType = sourcecode.swift; path = Alert.swift; sourceTree = "<group>"; };
		FAC8C5A829B2344A00BB0BDA /* HomeVC.swift */ = {isa = PBXFileReference; lastKnownFileType = sourcecode.swift; path = HomeVC.swift; sourceTree = "<group>"; };
		FAC8C5AA29B2348600BB0BDA /* HomeVCScreen.swift */ = {isa = PBXFileReference; lastKnownFileType = sourcecode.swift; path = HomeVCScreen.swift; sourceTree = "<group>"; };
		FAC8C5AE29B2397B00BB0BDA /* DataUserTableViewCell.swift */ = {isa = PBXFileReference; lastKnownFileType = sourcecode.swift; path = DataUserTableViewCell.swift; sourceTree = "<group>"; };
		FAC8C5B129B239AD00BB0BDA /* DataUserTableViewCellScreen.swift */ = {isa = PBXFileReference; lastKnownFileType = sourcecode.swift; path = DataUserTableViewCellScreen.swift; sourceTree = "<group>"; };
		FAC8C5B429B23DD300BB0BDA /* DataUserModel.swift */ = {isa = PBXFileReference; lastKnownFileType = sourcecode.swift; path = DataUserModel.swift; sourceTree = "<group>"; };
		FAEA41DA29B25B34006BC4AD /* SportModel.swift */ = {isa = PBXFileReference; lastKnownFileType = sourcecode.swift; path = SportModel.swift; sourceTree = "<group>"; };
		FAEA41DC29B25BB0006BC4AD /* SportTableViewCell.swift */ = {isa = PBXFileReference; lastKnownFileType = sourcecode.swift; path = SportTableViewCell.swift; sourceTree = "<group>"; };
		FAEA41DF29B25BEE006BC4AD /* SportTableViewCellScreen.swift */ = {isa = PBXFileReference; lastKnownFileType = sourcecode.swift; path = SportTableViewCellScreen.swift; sourceTree = "<group>"; };
		FAEA41E329B267FF006BC4AD /* SportCollectionViewCell.swift */ = {isa = PBXFileReference; lastKnownFileType = sourcecode.swift; path = SportCollectionViewCell.swift; sourceTree = "<group>"; };
		FAEA41E629B26836006BC4AD /* SportCollectionViewCellScreen.swift */ = {isa = PBXFileReference; lastKnownFileType = sourcecode.swift; path = SportCollectionViewCellScreen.swift; sourceTree = "<group>"; };
/* End PBXFileReference section */

/* Begin PBXFrameworksBuildPhase section */
		FA73E80D29B10C7F002F43E3 /* Frameworks */ = {
			isa = PBXFrameworksBuildPhase;
			buildActionMask = 2147483647;
			files = (
				FA73E83C29B13CBC002F43E3 /* FirebaseCrashlytics in Frameworks */,
				FA73E83A29B13CBC002F43E3 /* FirebaseAuth in Frameworks */,
				FC2F6238566EA6D47BD659AC /* Pods_AppViewCodeCurso.framework in Frameworks */,
			);
			runOnlyForDeploymentPostprocessing = 0;
		};
/* End PBXFrameworksBuildPhase section */

/* Begin PBXGroup section */
		85921DB3187906424F7D60BF /* Frameworks */ = {
			isa = PBXGroup;
			children = (
				499BEB7D0223D2176B52237A /* Pods_AppViewCodeCurso.framework */,
			);
			name = Frameworks;
			sourceTree = "<group>";
		};
		96172047A3CFDAEA54B9848A /* Pods */ = {
			isa = PBXGroup;
			children = (
				126BCAA5FA0877585EA5CD97 /* Pods-AppViewCodeCurso.debug.xcconfig */,
				D335DBFEBD5DFDA338BDE5EF /* Pods-AppViewCodeCurso.release.xcconfig */,
			);
			path = Pods;
			sourceTree = "<group>";
		};
		FA73E80729B10C7F002F43E3 = {
			isa = PBXGroup;
			children = (
				FA73E81229B10C7F002F43E3 /* AppViewCodeCurso */,
				FA73E81129B10C7F002F43E3 /* Products */,
				96172047A3CFDAEA54B9848A /* Pods */,
				85921DB3187906424F7D60BF /* Frameworks */,
			);
			sourceTree = "<group>";
		};
		FA73E81129B10C7F002F43E3 /* Products */ = {
			isa = PBXGroup;
			children = (
				FA73E81029B10C7F002F43E3 /* AppViewCodeCurso.app */,
			);
			name = Products;
			sourceTree = "<group>";
		};
		FA73E81229B10C7F002F43E3 /* AppViewCodeCurso */ = {
			isa = PBXGroup;
			children = (
				FAC8C5A529B2335600BB0BDA /* Home */,
				FAC8C5A229B22B2E00BB0BDA /* Alert */,
				FA73E82D29B1186C002F43E3 /* Register */,
				FA73E82729B10E1C002F43E3 /* Login */,
				FA73E81329B10C7F002F43E3 /* AppDelegate.swift */,
				FA73E81529B10C7F002F43E3 /* SceneDelegate.swift */,
				FA73E81C29B10C82002F43E3 /* Assets.xcassets */,
				FA73E81E29B10C82002F43E3 /* LaunchScreen.storyboard */,
				FA73E82129B10C82002F43E3 /* Info.plist */,
				FA73E83629B13A4D002F43E3 /* GoogleService-Info.plist */,
			);
			path = AppViewCodeCurso;
			sourceTree = "<group>";
		};
		FA73E82729B10E1C002F43E3 /* Login */ = {
			isa = PBXGroup;
			children = (
				FA73E82A29B10E32002F43E3 /* Screen */,
				FA73E82829B10E23002F43E3 /* VC */,
			);
			path = Login;
			sourceTree = "<group>";
		};
		FA73E82829B10E23002F43E3 /* VC */ = {
			isa = PBXGroup;
			children = (
				FA73E81729B10C7F002F43E3 /* LoginVC.swift */,
			);
			path = VC;
			sourceTree = "<group>";
		};
		FA73E82A29B10E32002F43E3 /* Screen */ = {
			isa = PBXGroup;
			children = (
				FA73E82B29B10F3A002F43E3 /* LoginScreen.swift */,
			);
			path = Screen;
			sourceTree = "<group>";
		};
		FA73E82D29B1186C002F43E3 /* Register */ = {
			isa = PBXGroup;
			children = (
				FA73E83029B1189A002F43E3 /* Screen */,
				FA73E82E29B11876002F43E3 /* VC */,
			);
			path = Register;
			sourceTree = "<group>";
		};
		FA73E82E29B11876002F43E3 /* VC */ = {
			isa = PBXGroup;
			children = (
				FA73E83129B118AE002F43E3 /* RegisterVC.swift */,
			);
			path = VC;
			sourceTree = "<group>";
		};
		FA73E83029B1189A002F43E3 /* Screen */ = {
			isa = PBXGroup;
			children = (
				FA73E83429B11A0A002F43E3 /* RegisterScreen.swift */,
			);
			path = Screen;
			sourceTree = "<group>";
		};
		FAC8C5A229B22B2E00BB0BDA /* Alert */ = {
			isa = PBXGroup;
			children = (
				FAC8C5A329B22B5A00BB0BDA /* Alert.swift */,
			);
			path = Alert;
			sourceTree = "<group>";
		};
		FAC8C5A529B2335600BB0BDA /* Home */ = {
			isa = PBXGroup;
			children = (
				FAC8C5B329B23DC100BB0BDA /* Model */,
				FAC8C5AC29B2394300BB0BDA /* Cells */,
				FAC8C5A729B2336A00BB0BDA /* Screen */,
				FAC8C5A629B2336400BB0BDA /* VC */,
			);
			path = Home;
			sourceTree = "<group>";
		};
		FAC8C5A629B2336400BB0BDA /* VC */ = {
			isa = PBXGroup;
			children = (
				FAC8C5A829B2344A00BB0BDA /* HomeVC.swift */,
			);
			path = VC;
			sourceTree = "<group>";
		};
		FAC8C5A729B2336A00BB0BDA /* Screen */ = {
			isa = PBXGroup;
			children = (
				FAC8C5AA29B2348600BB0BDA /* HomeVCScreen.swift */,
			);
			path = Screen;
			sourceTree = "<group>";
		};
		FAC8C5AC29B2394300BB0BDA /* Cells */ = {
			isa = PBXGroup;
			children = (
				FAEA41D829B25AEE006BC4AD /* SportCell */,
				FAEA41D729B25AD0006BC4AD /* DataUserCell */,
				FAC8C5AE29B2397B00BB0BDA /* DataUserTableViewCell.swift */,
			);
			path = Cells;
			sourceTree = "<group>";
		};
		FAC8C5B029B2398300BB0BDA /* Screen */ = {
			isa = PBXGroup;
			children = (
				FAC8C5B129B239AD00BB0BDA /* DataUserTableViewCellScreen.swift */,
			);
			path = Screen;
			sourceTree = "<group>";
		};
		FAC8C5B329B23DC100BB0BDA /* Model */ = {
			isa = PBXGroup;
			children = (
				FAC8C5B429B23DD300BB0BDA /* DataUserModel.swift */,
				FAEA41DA29B25B34006BC4AD /* SportModel.swift */,
			);
			path = Model;
			sourceTree = "<group>";
		};
		FAEA41D729B25AD0006BC4AD /* DataUserCell */ = {
			isa = PBXGroup;
			children = (
				FAC8C5B029B2398300BB0BDA /* Screen */,
			);
			path = DataUserCell;
			sourceTree = "<group>";
		};
		FAEA41D829B25AEE006BC4AD /* SportCell */ = {
			isa = PBXGroup;
			children = (
				FAEA41E129B267A6006BC4AD /* Cell */,
				FAEA41D929B25B09006BC4AD /* Screen */,
				FAEA41DC29B25BB0006BC4AD /* SportTableViewCell.swift */,
			);
			path = SportCell;
			sourceTree = "<group>";
		};
		FAEA41D929B25B09006BC4AD /* Screen */ = {
			isa = PBXGroup;
			children = (
				FAEA41DF29B25BEE006BC4AD /* SportTableViewCellScreen.swift */,
			);
			path = Screen;
			sourceTree = "<group>";
		};
		FAEA41E129B267A6006BC4AD /* Cell */ = {
			isa = PBXGroup;
			children = (
				FAEA41E229B267AC006BC4AD /* Screen */,
				FAEA41E329B267FF006BC4AD /* SportCollectionViewCell.swift */,
			);
			path = Cell;
			sourceTree = "<group>";
		};
		FAEA41E229B267AC006BC4AD /* Screen */ = {
			isa = PBXGroup;
			children = (
				FAEA41E629B26836006BC4AD /* SportCollectionViewCellScreen.swift */,
			);
			path = Screen;
			sourceTree = "<group>";
		};
/* End PBXGroup section */

/* Begin PBXNativeTarget section */
		FA73E80F29B10C7F002F43E3 /* AppViewCodeCurso */ = {
			isa = PBXNativeTarget;
			buildConfigurationList = FA73E82429B10C82002F43E3 /* Build configuration list for PBXNativeTarget "AppViewCodeCurso" */;
			buildPhases = (
				E8ED206F65104B1139933FFC /* [CP] Check Pods Manifest.lock */,
				FA73E80C29B10C7F002F43E3 /* Sources */,
				FA73E80D29B10C7F002F43E3 /* Frameworks */,
				FA73E80E29B10C7F002F43E3 /* Resources */,
				82B141DFAC4DB7D7039B262E /* [CP] Embed Pods Frameworks */,
			);
			buildRules = (
			);
			dependencies = (
			);
			name = AppViewCodeCurso;
			packageProductDependencies = (
				FA73E83929B13CBC002F43E3 /* FirebaseAuth */,
				FA73E83B29B13CBC002F43E3 /* FirebaseCrashlytics */,
			);
			productName = AppViewCodeCurso;
			productReference = FA73E81029B10C7F002F43E3 /* AppViewCodeCurso.app */;
			productType = "com.apple.product-type.application";
		};
/* End PBXNativeTarget section */

/* Begin PBXProject section */
		FA73E80829B10C7F002F43E3 /* Project object */ = {
			isa = PBXProject;
			attributes = {
				BuildIndependentTargetsInParallel = 1;
				LastSwiftUpdateCheck = 1320;
				LastUpgradeCheck = 1320;
				TargetAttributes = {
					FA73E80F29B10C7F002F43E3 = {
						CreatedOnToolsVersion = 13.2.1;
					};
				};
			};
			buildConfigurationList = FA73E80B29B10C7F002F43E3 /* Build configuration list for PBXProject "AppViewCodeCurso" */;
			compatibilityVersion = "Xcode 13.0";
			developmentRegion = en;
			hasScannedForEncodings = 0;
			knownRegions = (
				en,
				Base,
			);
			mainGroup = FA73E80729B10C7F002F43E3;
			packageReferences = (
				FA73E83829B13CBC002F43E3 /* XCRemoteSwiftPackageReference "firebase-ios-sdk" */,
			);
			productRefGroup = FA73E81129B10C7F002F43E3 /* Products */;
			projectDirPath = "";
			projectRoot = "";
			targets = (
				FA73E80F29B10C7F002F43E3 /* AppViewCodeCurso */,
			);
		};
/* End PBXProject section */

/* Begin PBXResourcesBuildPhase section */
		FA73E80E29B10C7F002F43E3 /* Resources */ = {
			isa = PBXResourcesBuildPhase;
			buildActionMask = 2147483647;
			files = (
				FA73E82029B10C82002F43E3 /* LaunchScreen.storyboard in Resources */,
				FA73E81D29B10C82002F43E3 /* Assets.xcassets in Resources */,
				FA73E83729B13A4D002F43E3 /* GoogleService-Info.plist in Resources */,
			);
			runOnlyForDeploymentPostprocessing = 0;
		};
/* End PBXResourcesBuildPhase section */

/* Begin PBXShellScriptBuildPhase section */
		82B141DFAC4DB7D7039B262E /* [CP] Embed Pods Frameworks */ = {
			isa = PBXShellScriptBuildPhase;
			buildActionMask = 2147483647;
			files = (
			);
			inputFileListPaths = (
				"${PODS_ROOT}/Target Support Files/Pods-AppViewCodeCurso/Pods-AppViewCodeCurso-frameworks-${CONFIGURATION}-input-files.xcfilelist",
			);
			name = "[CP] Embed Pods Frameworks";
			outputFileListPaths = (
				"${PODS_ROOT}/Target Support Files/Pods-AppViewCodeCurso/Pods-AppViewCodeCurso-frameworks-${CONFIGURATION}-output-files.xcfilelist",
			);
			runOnlyForDeploymentPostprocessing = 0;
			shellPath = /bin/sh;
			shellScript = "\"${PODS_ROOT}/Target Support Files/Pods-AppViewCodeCurso/Pods-AppViewCodeCurso-frameworks.sh\"\n";
			showEnvVarsInLog = 0;
		};
		E8ED206F65104B1139933FFC /* [CP] Check Pods Manifest.lock */ = {
			isa = PBXShellScriptBuildPhase;
			buildActionMask = 2147483647;
			files = (
			);
			inputFileListPaths = (
			);
			inputPaths = (
				"${PODS_PODFILE_DIR_PATH}/Podfile.lock",
				"${PODS_ROOT}/Manifest.lock",
			);
			name = "[CP] Check Pods Manifest.lock";
			outputFileListPaths = (
			);
			outputPaths = (
				"$(DERIVED_FILE_DIR)/Pods-AppViewCodeCurso-checkManifestLockResult.txt",
			);
			runOnlyForDeploymentPostprocessing = 0;
			shellPath = /bin/sh;
			shellScript = "diff \"${PODS_PODFILE_DIR_PATH}/Podfile.lock\" \"${PODS_ROOT}/Manifest.lock\" > /dev/null\nif [ $? != 0 ] ; then\n    # print error to STDERR\n    echo \"error: The sandbox is not in sync with the Podfile.lock. Run 'pod install' or update your CocoaPods installation.\" >&2\n    exit 1\nfi\n# This output is used by Xcode 'outputs' to avoid re-running this script phase.\necho \"SUCCESS\" > \"${SCRIPT_OUTPUT_FILE_0}\"\n";
			showEnvVarsInLog = 0;
		};
/* End PBXShellScriptBuildPhase section */

/* Begin PBXSourcesBuildPhase section */
		FA73E80C29B10C7F002F43E3 /* Sources */ = {
			isa = PBXSourcesBuildPhase;
			buildActionMask = 2147483647;
			files = (
				FAEA41E029B25BEE006BC4AD /* SportTableViewCellScreen.swift in Sources */,
				FA73E83529B11A0A002F43E3 /* RegisterScreen.swift in Sources */,
				FA73E83229B118AE002F43E3 /* RegisterVC.swift in Sources */,
				FA73E81829B10C7F002F43E3 /* LoginVC.swift in Sources */,
				FAC8C5AB29B2348600BB0BDA /* HomeVCScreen.swift in Sources */,
				FA73E82C29B10F3A002F43E3 /* LoginScreen.swift in Sources */,
				FAC8C5B229B239AD00BB0BDA /* DataUserTableViewCellScreen.swift in Sources */,
				FAEA41E729B26836006BC4AD /* SportCollectionViewCellScreen.swift in Sources */,
				FAEA41E429B267FF006BC4AD /* SportCollectionViewCell.swift in Sources */,
				FAC8C5A429B22B5A00BB0BDA /* Alert.swift in Sources */,
				FAC8C5AF29B2397B00BB0BDA /* DataUserTableViewCell.swift in Sources */,
				FAEA41DD29B25BB0006BC4AD /* SportTableViewCell.swift in Sources */,
				FAC8C5B529B23DD300BB0BDA /* DataUserModel.swift in Sources */,
				FAEA41DB29B25B34006BC4AD /* SportModel.swift in Sources */,
				FA73E81429B10C7F002F43E3 /* AppDelegate.swift in Sources */,
				FAC8C5A929B2344A00BB0BDA /* HomeVC.swift in Sources */,
				FA73E81629B10C7F002F43E3 /* SceneDelegate.swift in Sources */,
			);
			runOnlyForDeploymentPostprocessing = 0;
		};
/* End PBXSourcesBuildPhase section */

/* Begin PBXVariantGroup section */
		FA73E81E29B10C82002F43E3 /* LaunchScreen.storyboard */ = {
			isa = PBXVariantGroup;
			children = (
				FA73E81F29B10C82002F43E3 /* Base */,
			);
			name = LaunchScreen.storyboard;
			sourceTree = "<group>";
		};
/* End PBXVariantGroup section */

/* Begin XCBuildConfiguration section */
		FA73E82229B10C82002F43E3 /* Debug */ = {
			isa = XCBuildConfiguration;
			buildSettings = {
				ALWAYS_SEARCH_USER_PATHS = NO;
				CLANG_ANALYZER_NONNULL = YES;
				CLANG_ANALYZER_NUMBER_OBJECT_CONVERSION = YES_AGGRESSIVE;
				CLANG_CXX_LANGUAGE_STANDARD = "gnu++17";
				CLANG_CXX_LIBRARY = "libc++";
				CLANG_ENABLE_MODULES = YES;
				CLANG_ENABLE_OBJC_ARC = YES;
				CLANG_ENABLE_OBJC_WEAK = YES;
				CLANG_WARN_BLOCK_CAPTURE_AUTORELEASING = YES;
				CLANG_WARN_BOOL_CONVERSION = YES;
				CLANG_WARN_COMMA = YES;
				CLANG_WARN_CONSTANT_CONVERSION = YES;
				CLANG_WARN_DEPRECATED_OBJC_IMPLEMENTATIONS = YES;
				CLANG_WARN_DIRECT_OBJC_ISA_USAGE = YES_ERROR;
				CLANG_WARN_DOCUMENTATION_COMMENTS = YES;
				CLANG_WARN_EMPTY_BODY = YES;
				CLANG_WARN_ENUM_CONVERSION = YES;
				CLANG_WARN_INFINITE_RECURSION = YES;
				CLANG_WARN_INT_CONVERSION = YES;
				CLANG_WARN_NON_LITERAL_NULL_CONVERSION = YES;
				CLANG_WARN_OBJC_IMPLICIT_RETAIN_SELF = YES;
				CLANG_WARN_OBJC_LITERAL_CONVERSION = YES;
				CLANG_WARN_OBJC_ROOT_CLASS = YES_ERROR;
				CLANG_WARN_QUOTED_INCLUDE_IN_FRAMEWORK_HEADER = YES;
				CLANG_WARN_RANGE_LOOP_ANALYSIS = YES;
				CLANG_WARN_STRICT_PROTOTYPES = YES;
				CLANG_WARN_SUSPICIOUS_MOVE = YES;
				CLANG_WARN_UNGUARDED_AVAILABILITY = YES_AGGRESSIVE;
				CLANG_WARN_UNREACHABLE_CODE = YES;
				CLANG_WARN__DUPLICATE_METHOD_MATCH = YES;
				COPY_PHASE_STRIP = NO;
				DEBUG_INFORMATION_FORMAT = dwarf;
				ENABLE_STRICT_OBJC_MSGSEND = YES;
				ENABLE_TESTABILITY = YES;
				GCC_C_LANGUAGE_STANDARD = gnu11;
				GCC_DYNAMIC_NO_PIC = NO;
				GCC_NO_COMMON_BLOCKS = YES;
				GCC_OPTIMIZATION_LEVEL = 0;
				GCC_PREPROCESSOR_DEFINITIONS = (
					"DEBUG=1",
					"$(inherited)",
				);
				GCC_WARN_64_TO_32_BIT_CONVERSION = YES;
				GCC_WARN_ABOUT_RETURN_TYPE = YES_ERROR;
				GCC_WARN_UNDECLARED_SELECTOR = YES;
				GCC_WARN_UNINITIALIZED_AUTOS = YES_AGGRESSIVE;
				GCC_WARN_UNUSED_FUNCTION = YES;
				GCC_WARN_UNUSED_VARIABLE = YES;
				IPHONEOS_DEPLOYMENT_TARGET = 15.2;
				MTL_ENABLE_DEBUG_INFO = INCLUDE_SOURCE;
				MTL_FAST_MATH = YES;
				ONLY_ACTIVE_ARCH = YES;
				SDKROOT = iphoneos;
				SWIFT_ACTIVE_COMPILATION_CONDITIONS = DEBUG;
				SWIFT_OPTIMIZATION_LEVEL = "-Onone";
			};
			name = Debug;
		};
		FA73E82329B10C82002F43E3 /* Release */ = {
			isa = XCBuildConfiguration;
			buildSettings = {
				ALWAYS_SEARCH_USER_PATHS = NO;
				CLANG_ANALYZER_NONNULL = YES;
				CLANG_ANALYZER_NUMBER_OBJECT_CONVERSION = YES_AGGRESSIVE;
				CLANG_CXX_LANGUAGE_STANDARD = "gnu++17";
				CLANG_CXX_LIBRARY = "libc++";
				CLANG_ENABLE_MODULES = YES;
				CLANG_ENABLE_OBJC_ARC = YES;
				CLANG_ENABLE_OBJC_WEAK = YES;
				CLANG_WARN_BLOCK_CAPTURE_AUTORELEASING = YES;
				CLANG_WARN_BOOL_CONVERSION = YES;
				CLANG_WARN_COMMA = YES;
				CLANG_WARN_CONSTANT_CONVERSION = YES;
				CLANG_WARN_DEPRECATED_OBJC_IMPLEMENTATIONS = YES;
				CLANG_WARN_DIRECT_OBJC_ISA_USAGE = YES_ERROR;
				CLANG_WARN_DOCUMENTATION_COMMENTS = YES;
				CLANG_WARN_EMPTY_BODY = YES;
				CLANG_WARN_ENUM_CONVERSION = YES;
				CLANG_WARN_INFINITE_RECURSION = YES;
				CLANG_WARN_INT_CONVERSION = YES;
				CLANG_WARN_NON_LITERAL_NULL_CONVERSION = YES;
				CLANG_WARN_OBJC_IMPLICIT_RETAIN_SELF = YES;
				CLANG_WARN_OBJC_LITERAL_CONVERSION = YES;
				CLANG_WARN_OBJC_ROOT_CLASS = YES_ERROR;
				CLANG_WARN_QUOTED_INCLUDE_IN_FRAMEWORK_HEADER = YES;
				CLANG_WARN_RANGE_LOOP_ANALYSIS = YES;
				CLANG_WARN_STRICT_PROTOTYPES = YES;
				CLANG_WARN_SUSPICIOUS_MOVE = YES;
				CLANG_WARN_UNGUARDED_AVAILABILITY = YES_AGGRESSIVE;
				CLANG_WARN_UNREACHABLE_CODE = YES;
				CLANG_WARN__DUPLICATE_METHOD_MATCH = YES;
				COPY_PHASE_STRIP = NO;
				DEBUG_INFORMATION_FORMAT = "dwarf-with-dsym";
				ENABLE_NS_ASSERTIONS = NO;
				ENABLE_STRICT_OBJC_MSGSEND = YES;
				GCC_C_LANGUAGE_STANDARD = gnu11;
				GCC_NO_COMMON_BLOCKS = YES;
				GCC_WARN_64_TO_32_BIT_CONVERSION = YES;
				GCC_WARN_ABOUT_RETURN_TYPE = YES_ERROR;
				GCC_WARN_UNDECLARED_SELECTOR = YES;
				GCC_WARN_UNINITIALIZED_AUTOS = YES_AGGRESSIVE;
				GCC_WARN_UNUSED_FUNCTION = YES;
				GCC_WARN_UNUSED_VARIABLE = YES;
				IPHONEOS_DEPLOYMENT_TARGET = 15.2;
				MTL_ENABLE_DEBUG_INFO = NO;
				MTL_FAST_MATH = YES;
				SDKROOT = iphoneos;
				SWIFT_COMPILATION_MODE = wholemodule;
				SWIFT_OPTIMIZATION_LEVEL = "-O";
				VALIDATE_PRODUCT = YES;
			};
			name = Release;
		};
		FA73E82529B10C82002F43E3 /* Debug */ = {
			isa = XCBuildConfiguration;
			baseConfigurationReference = 126BCAA5FA0877585EA5CD97 /* Pods-AppViewCodeCurso.debug.xcconfig */;
			buildSettings = {
				ASSETCATALOG_COMPILER_APPICON_NAME = AppIcon;
				ASSETCATALOG_COMPILER_GLOBAL_ACCENT_COLOR_NAME = AccentColor;
				CODE_SIGN_STYLE = Automatic;
				CURRENT_PROJECT_VERSION = 1;
				DEVELOPMENT_TEAM = FR8BBNFFSR;
				GENERATE_INFOPLIST_FILE = YES;
				INFOPLIST_FILE = AppViewCodeCurso/Info.plist;
				INFOPLIST_KEY_UIApplicationSupportsIndirectInputEvents = YES;
				INFOPLIST_KEY_UILaunchStoryboardName = LaunchScreen;
				INFOPLIST_KEY_UISupportedInterfaceOrientations_iPad = "UIInterfaceOrientationPortrait UIInterfaceOrientationPortraitUpsideDown UIInterfaceOrientationLandscapeLeft UIInterfaceOrientationLandscapeRight";
				INFOPLIST_KEY_UISupportedInterfaceOrientations_iPhone = "UIInterfaceOrientationPortrait UIInterfaceOrientationLandscapeLeft UIInterfaceOrientationLandscapeRight";
				LD_RUNPATH_SEARCH_PATHS = (
					"$(inherited)",
					"@executable_path/Frameworks",
				);
				MARKETING_VERSION = 1.0;
				PRODUCT_BUNDLE_IDENTIFIER = com.igorfortti.AppViewCodeCurso;
				PRODUCT_NAME = "$(TARGET_NAME)";
				SWIFT_EMIT_LOC_STRINGS = YES;
				SWIFT_VERSION = 5.0;
				TARGETED_DEVICE_FAMILY = "1,2";
			};
			name = Debug;
		};
		FA73E82629B10C82002F43E3 /* Release */ = {
			isa = XCBuildConfiguration;
			baseConfigurationReference = D335DBFEBD5DFDA338BDE5EF /* Pods-AppViewCodeCurso.release.xcconfig */;
			buildSettings = {
				ASSETCATALOG_COMPILER_APPICON_NAME = AppIcon;
				ASSETCATALOG_COMPILER_GLOBAL_ACCENT_COLOR_NAME = AccentColor;
				CODE_SIGN_STYLE = Automatic;
				CURRENT_PROJECT_VERSION = 1;
				DEVELOPMENT_TEAM = FR8BBNFFSR;
				GENERATE_INFOPLIST_FILE = YES;
				INFOPLIST_FILE = AppViewCodeCurso/Info.plist;
				INFOPLIST_KEY_UIApplicationSupportsIndirectInputEvents = YES;
				INFOPLIST_KEY_UILaunchStoryboardName = LaunchScreen;
				INFOPLIST_KEY_UISupportedInterfaceOrientations_iPad = "UIInterfaceOrientationPortrait UIInterfaceOrientationPortraitUpsideDown UIInterfaceOrientationLandscapeLeft UIInterfaceOrientationLandscapeRight";
				INFOPLIST_KEY_UISupportedInterfaceOrientations_iPhone = "UIInterfaceOrientationPortrait UIInterfaceOrientationLandscapeLeft UIInterfaceOrientationLandscapeRight";
				LD_RUNPATH_SEARCH_PATHS = (
					"$(inherited)",
					"@executable_path/Frameworks",
				);
				MARKETING_VERSION = 1.0;
				PRODUCT_BUNDLE_IDENTIFIER = com.igorfortti.AppViewCodeCurso;
				PRODUCT_NAME = "$(TARGET_NAME)";
				SWIFT_EMIT_LOC_STRINGS = YES;
				SWIFT_VERSION = 5.0;
				TARGETED_DEVICE_FAMILY = "1,2";
			};
			name = Release;
		};
/* End XCBuildConfiguration section */

/* Begin XCConfigurationList section */
		FA73E80B29B10C7F002F43E3 /* Build configuration list for PBXProject "AppViewCodeCurso" */ = {
			isa = XCConfigurationList;
			buildConfigurations = (
				FA73E82229B10C82002F43E3 /* Debug */,
				FA73E82329B10C82002F43E3 /* Release */,
			);
			defaultConfigurationIsVisible = 0;
			defaultConfigurationName = Release;
		};
		FA73E82429B10C82002F43E3 /* Build configuration list for PBXNativeTarget "AppViewCodeCurso" */ = {
			isa = XCConfigurationList;
			buildConfigurations = (
				FA73E82529B10C82002F43E3 /* Debug */,
				FA73E82629B10C82002F43E3 /* Release */,
			);
			defaultConfigurationIsVisible = 0;
			defaultConfigurationName = Release;
		};
/* End XCConfigurationList section */

/* Begin XCRemoteSwiftPackageReference section */
		FA73E83829B13CBC002F43E3 /* XCRemoteSwiftPackageReference "firebase-ios-sdk" */ = {
			isa = XCRemoteSwiftPackageReference;
			repositoryURL = "https://github.com/firebase/firebase-ios-sdk";
			requirement = {
				kind = upToNextMajorVersion;
				minimumVersion = 9.0.0;
			};
		};
/* End XCRemoteSwiftPackageReference section */

/* Begin XCSwiftPackageProductDependency section */
		FA73E83929B13CBC002F43E3 /* FirebaseAuth */ = {
			isa = XCSwiftPackageProductDependency;
			package = FA73E83829B13CBC002F43E3 /* XCRemoteSwiftPackageReference "firebase-ios-sdk" */;
			productName = FirebaseAuth;
		};
		FA73E83B29B13CBC002F43E3 /* FirebaseCrashlytics */ = {
			isa = XCSwiftPackageProductDependency;
			package = FA73E83829B13CBC002F43E3 /* XCRemoteSwiftPackageReference "firebase-ios-sdk" */;
			productName = FirebaseCrashlytics;
		};
/* End XCSwiftPackageProductDependency section */
	};
	rootObject = FA73E80829B10C7F002F43E3 /* Project object */;
}
